
Microsoft Visual Studio Solution File, Format Version 12.00
# Visual Studio 15
VisualStudioVersion = 15.0.28307.136
MinimumVisualStudioVersion = 10.0.40219.1
Project("{FAE04EC0-301F-11D3-BF4B-00C04F79EFBC}") = "SwitchSafety", "SwitchSafety\SwitchSafety.csproj", "{278C0802-AC43-41CC-80C1-2AF48772A327}"
EndProject
Global
	GlobalSection(SolutionConfigurationPlatforms) = preSolution
		Debug|Any CPU = Debug|Any CPU
		Release|Any CPU = Release|Any CPU
	EndGlobalSection
	GlobalSection(ProjectConfigurationPlatforms) = postSolution
		{278C0802-AC43-41CC-80C1-2AF48772A327}.Debug|Any CPU.ActiveCfg = Debug|Any CPU
		{278C0802-AC43-41CC-80C1-2AF48772A327}.Debug|Any CPU.Build.0 = Debug|Any CPU
		{278C0802-AC43-41CC-80C1-2AF48772A327}.Release|Any CPU.ActiveCfg = Release|Any CPU
		{278C0802-AC43-41CC-80C1-2AF48772A327}.Release|Any CPU.Build.0 = Release|Any CPU
	EndGlobalSection
	GlobalSection(SolutionProperties) = preSolution
		HideSolutionNode = FALSE
	EndGlobalSection
	GlobalSection(ExtensibilityGlobals) = postSolution
		SolutionGuid = {207DA77A-A951-4C53-AACD-9A5DF9DC40CC}
	EndGlobalSection
EndGlobal
